
Microsoft Visual Studio Solution File, Format Version 12.00
# Visual Studio Version 16
VisualStudioVersion = 25.0.1700.7
MinimumVisualStudioVersion = 10.0.40219.1
Project("{FAE04EC0-301F-11D3-BF4B-00C04F79EFBC}") = "MVC_Demo", "MVC_Demo\MVC_Demo.csproj", "{0BBB1185-2308-48C2-B00A-78BFF07902EE}"
EndProject
Global
	GlobalSection(SolutionConfigurationPlatforms) = preSolution
		Debug|Any CPU = Debug|Any CPU
		Release|Any CPU = Release|Any CPU
	EndGlobalSection
	GlobalSection(ProjectConfigurationPlatforms) = postSolution
		{0BBB1185-2308-48C2-B00A-78BFF07902EE}.Debug|Any CPU.ActiveCfg = Debug|Any CPU
		{0BBB1185-2308-48C2-B00A-78BFF07902EE}.Debug|Any CPU.Build.0 = Debug|Any CPU
		{0BBB1185-2308-48C2-B00A-78BFF07902EE}.Release|Any CPU.ActiveCfg = Release|Any CPU
		{0BBB1185-2308-48C2-B00A-78BFF07902EE}.Release|Any CPU.Build.0 = Release|Any CPU
	EndGlobalSection
	GlobalSection(SolutionProperties) = preSolution
		HideSolutionNode = FALSE
	EndGlobalSection
	GlobalSection(ExtensibilityGlobals) = postSolution
		SolutionGuid = {180E4D43-CE44-4FAE-B716-A968AA0B7DAA}
	EndGlobalSection
EndGlobal
